
Microsoft Visual Studio Solution File, Format Version 12.00
# Visual Studio 15
VisualStudioVersion = 15.0.33403.129
MinimumVisualStudioVersion = 10.0.40219.1
Project("{FAE04EC0-301F-11D3-BF4B-00C04F79EFBC}") = "ChattingProgram", "ChattingProgram.csproj", "{8200A188-7194-479B-A574-08917581EF66}"
EndProject
Project("{FAE04EC0-301F-11D3-BF4B-00C04F79EFBC}") = "Todo1", "..\Todo1\Todo1.csproj", "{2BC4AC27-3ABC-42ED-8F92-BA586328DD50}"
EndProject
Project("{FAE04EC0-301F-11D3-BF4B-00C04F79EFBC}") = "Login", "..\Login\Login.csproj", "{4AB2F6D9-6253-4092-B97D-42B4AD86C7F7}"
EndProject
Global
	GlobalSection(SolutionConfigurationPlatforms) = preSolution
		Debug|Any CPU = Debug|Any CPU
		Release|Any CPU = Release|Any CPU
	EndGlobalSection
	GlobalSection(ProjectConfigurationPlatforms) = postSolution
		{8200A188-7194-479B-A574-08917581EF66}.Debug|Any CPU.ActiveCfg = Debug|Any CPU
		{8200A188-7194-479B-A574-08917581EF66}.Debug|Any CPU.Build.0 = Debug|Any CPU
		{8200A188-7194-479B-A574-08917581EF66}.Release|Any CPU.ActiveCfg = Release|Any CPU
		{8200A188-7194-479B-A574-08917581EF66}.Release|Any CPU.Build.0 = Release|Any CPU
		{2BC4AC27-3ABC-42ED-8F92-BA586328DD50}.Debug|Any CPU.ActiveCfg = Debug|Any CPU
		{2BC4AC27-3ABC-42ED-8F92-BA586328DD50}.Debug|Any CPU.Build.0 = Debug|Any CPU
		{2BC4AC27-3ABC-42ED-8F92-BA586328DD50}.Release|Any CPU.ActiveCfg = Release|Any CPU
		{2BC4AC27-3ABC-42ED-8F92-BA586328DD50}.Release|Any CPU.Build.0 = Release|Any CPU
		{4AB2F6D9-6253-4092-B97D-42B4AD86C7F7}.Debug|Any CPU.ActiveCfg = Debug|Any CPU
		{4AB2F6D9-6253-4092-B97D-42B4AD86C7F7}.Debug|Any CPU.Build.0 = Debug|Any CPU
		{4AB2F6D9-6253-4092-B97D-42B4AD86C7F7}.Release|Any CPU.ActiveCfg = Release|Any CPU
		{4AB2F6D9-6253-4092-B97D-42B4AD86C7F7}.Release|Any CPU.Build.0 = Release|Any CPU
	EndGlobalSection
	GlobalSection(SolutionProperties) = preSolution
		HideSolutionNode = FALSE
	EndGlobalSection
	GlobalSection(ExtensibilityGlobals) = postSolution
		SolutionGuid = {3B0EF7D2-C5B0-4680-B946-9EB2BF01CCC4}
	EndGlobalSection
EndGlobal
