
Microsoft Visual Studio Solution File, Format Version 12.00
# Visual Studio Version 17
VisualStudioVersion = 17.4.33110.190
MinimumVisualStudioVersion = 10.0.40219.1
Project("{FAE04EC0-301F-11D3-BF4B-00C04F79EFBC}") = "ChattingProgram", "ChattingProgram.csproj", "{8200A188-7194-479B-A574-08917581EF66}"
EndProject
Global
	GlobalSection(SolutionConfigurationPlatforms) = preSolution
		Debug|Any CPU = Debug|Any CPU
		Release|Any CPU = Release|Any CPU
	EndGlobalSection
	GlobalSection(ProjectConfigurationPlatforms) = postSolution
		{8200A188-7194-479B-A574-08917581EF66}.Debug|Any CPU.ActiveCfg = Debug|Any CPU
		{8200A188-7194-479B-A574-08917581EF66}.Debug|Any CPU.Build.0 = Debug|Any CPU
		{8200A188-7194-479B-A574-08917581EF66}.Release|Any CPU.ActiveCfg = Release|Any CPU
		{8200A188-7194-479B-A574-08917581EF66}.Release|Any CPU.Build.0 = Release|Any CPU
	EndGlobalSection
	GlobalSection(SolutionProperties) = preSolution
		HideSolutionNode = FALSE
	EndGlobalSection
	GlobalSection(ExtensibilityGlobals) = postSolution
		SolutionGuid = {5B5FDFB1-6DC3-448B-9CDD-A402C671B23D}
	EndGlobalSection
EndGlobal
